{
  "version": 2,
  "dependencies": {
    ".NETStandard,Version=v2.1": {
      "EasyBuild.PackageReleaseNotes.Tasks": {
        "type": "Direct",
        "requested": "[2.0.0, )",
        "resolved": "2.0.0",
        "contentHash": "jebz09lxa6pEJzft9Tr/PSNt5r7AVt5xmX3g4Ra+nLU1qtSrOh+hFgsywGn7fVME3LpbzhlX+2J8F7G9y3PxUQ=="
      },
      "Fable.Core": {
        "type": "Direct",
        "requested": "[4.5.0, )",
        "resolved": "4.5.0",
        "contentHash": "ZcX8XN5sQZGCbrS8VYnsa/ynhrCBfpDyqDkTl33GTXOpgfKibxoq0+W0hCSbRzuukVNoLtqGL/B6+8yTNDXbNA=="
      },
      "Fable.Package.SDK": {
        "type": "Direct",
        "requested": "[1.3.2, )",
        "resolved": "1.3.2",
        "contentHash": "vQB5IvCyy86LP9ilSpZGjLUT/7HI0Bp4Ht1Oyl+w68h734ySaq9xLjttErYoHx+nmnMjcv2EBjxrA24mZ/U/jQ=="
      },
      "FSharp.Core": {
        "type": "Direct",
        "requested": "[10.0.101, )",
        "resolved": "10.0.101",
        "contentHash": "mrS3J7cLtvXM3u3CmiaFq8oyBdlevzZY1VAAAbFk1gUDQtDEjUOybN5XpQglx5wAgJ0wLdDl6OSSfS7ZDFNcpA=="
      },
      "Glutinum.Types": {
        "type": "Direct",
        "requested": "[0.1.0, )",
        "resolved": "0.1.0",
        "contentHash": "2VvjbyCXsSk3a0d4Uy/mEeMcpZ8dCCmo++TyPpx4V/y+Z9JY7ZYNYhwbaJmemtP/6PBa0Cg3eu00/Zs0xq9CcA==",
        "dependencies": {
          "FSharp.Core": "5.0.2",
          "Fable.Core": "4.3.0"
        }
      }
    }
  }
}